
Microsoft Visual Studio Solution File, Format Version 12.00
# Visual Studio 15
Project("{FAE04EC0-301F-11D3-BF4B-00C04F79EFBC}") = "Brander", "Brander\Brander.csproj", "{991E1D5D-8AB3-44EE-B180-7AFE76E544CA}"
EndProject
Project("{FAE04EC0-301F-11D3-BF4B-00C04F79EFBC}") = "Brander.Sample", "Brander.Sample\Brander.Sample.csproj", "{98F3F0AD-0419-4A94-8936-F39E6A948EC9}"
EndProject
Global
	GlobalSection(SolutionConfigurationPlatforms) = preSolution
		Debug|Any CPU = Debug|Any CPU
		Release|Any CPU = Release|Any CPU
	EndGlobalSection
	GlobalSection(ProjectConfigurationPlatforms) = postSolution
		{991E1D5D-8AB3-44EE-B180-7AFE76E544CA}.Debug|Any CPU.ActiveCfg = Debug|Any CPU
		{991E1D5D-8AB3-44EE-B180-7AFE76E544CA}.Debug|Any CPU.Build.0 = Debug|Any CPU
		{991E1D5D-8AB3-44EE-B180-7AFE76E544CA}.Release|Any CPU.ActiveCfg = Release|Any CPU
		{991E1D5D-8AB3-44EE-B180-7AFE76E544CA}.Release|Any CPU.Build.0 = Release|Any CPU
		{98F3F0AD-0419-4A94-8936-F39E6A948EC9}.Debug|Any CPU.ActiveCfg = Debug|Any CPU
		{98F3F0AD-0419-4A94-8936-F39E6A948EC9}.Debug|Any CPU.Build.0 = Debug|Any CPU
		{98F3F0AD-0419-4A94-8936-F39E6A948EC9}.Release|Any CPU.ActiveCfg = Release|Any CPU
		{98F3F0AD-0419-4A94-8936-F39E6A948EC9}.Release|Any CPU.Build.0 = Release|Any CPU
	EndGlobalSection
	GlobalSection(MonoDevelopProperties) = preSolution
		Policies = $0
		$0.TextStylePolicy = $1
		$1.inheritsSet = null
		$1.scope = text/x-csharp
		$0.CSharpFormattingPolicy = $2
		$2.scope = text/x-csharp
		$0.TextStylePolicy = $3
		$3.FileWidth = 80
		$3.TabsToSpaces = True
		$3.EolMarker = Unix
		$3.scope = text/plain
		$0.TextStylePolicy = $4
		$4.inheritsSet = null
		$4.scope = text/x-json
		$0.JSONFormattingPolicy = $5
		$5.AutoStructureCompletion = True
		$5.BracePositions = SemiExpanded
		$5.FormatOnPaste = True
		$5.scope = text/x-json
		$0.TextStylePolicy = $6
		$6.inheritsSet = null
		$6.scope = text/x-vs
	EndGlobalSection
EndGlobal
